
Microsoft Visual Studio Solution File, Format Version 12.00
# Visual Studio 2012
Project("{FAE04EC0-301F-11D3-BF4B-00C04F79EFBC}") = "array_of_delegates", "array_of_delegates\array_of_delegates.csproj", "{89F8072E-4653-4E5B-A35C-5376D426886F}"
EndProject
Global
	GlobalSection(SolutionConfigurationPlatforms) = preSolution
		Debug|Any CPU = Debug|Any CPU
		Release|Any CPU = Release|Any CPU
	EndGlobalSection
	GlobalSection(ProjectConfigurationPlatforms) = postSolution
		{89F8072E-4653-4E5B-A35C-5376D426886F}.Debug|Any CPU.ActiveCfg = Debug|Any CPU
		{89F8072E-4653-4E5B-A35C-5376D426886F}.Debug|Any CPU.Build.0 = Debug|Any CPU
		{89F8072E-4653-4E5B-A35C-5376D426886F}.Release|Any CPU.ActiveCfg = Release|Any CPU
		{89F8072E-4653-4E5B-A35C-5376D426886F}.Release|Any CPU.Build.0 = Release|Any CPU
	EndGlobalSection
EndGlobal
